
Microsoft Visual Studio Solution File, Format Version 12.00
# Visual Studio 15
VisualStudioVersion = 15.0.27130.2027
MinimumVisualStudioVersion = 10.0.40219.1
Project("{FAE04EC0-301F-11D3-BF4B-00C04F79EFBC}") = "xam120_Phoneword.Android", "xam120-Phoneword\xam120-Phoneword.Android\xam120_Phoneword.Android.csproj", "{D5F071B5-89B2-44DD-ABA9-95112A6C8CA6}"
EndProject
Project("{9A19103F-16F7-4668-BE54-9A1E7A4F7556}") = "xam120_Phoneword", "xam120-Phoneword\xam120-Phoneword\xam120_Phoneword.csproj", "{FD24C097-0BCD-4F0F-8777-7D4AB5463779}"
EndProject
Global
	GlobalSection(SolutionConfigurationPlatforms) = preSolution
		Debug|Any CPU = Debug|Any CPU
		Release|Any CPU = Release|Any CPU
	EndGlobalSection
	GlobalSection(ProjectConfigurationPlatforms) = postSolution
		{D5F071B5-89B2-44DD-ABA9-95112A6C8CA6}.Debug|Any CPU.ActiveCfg = Debug|Any CPU
		{D5F071B5-89B2-44DD-ABA9-95112A6C8CA6}.Debug|Any CPU.Build.0 = Debug|Any CPU
		{D5F071B5-89B2-44DD-ABA9-95112A6C8CA6}.Debug|Any CPU.Deploy.0 = Debug|Any CPU
		{D5F071B5-89B2-44DD-ABA9-95112A6C8CA6}.Release|Any CPU.ActiveCfg = Release|Any CPU
		{D5F071B5-89B2-44DD-ABA9-95112A6C8CA6}.Release|Any CPU.Build.0 = Release|Any CPU
		{D5F071B5-89B2-44DD-ABA9-95112A6C8CA6}.Release|Any CPU.Deploy.0 = Release|Any CPU
		{FD24C097-0BCD-4F0F-8777-7D4AB5463779}.Debug|Any CPU.ActiveCfg = Debug|Any CPU
		{FD24C097-0BCD-4F0F-8777-7D4AB5463779}.Debug|Any CPU.Build.0 = Debug|Any CPU
		{FD24C097-0BCD-4F0F-8777-7D4AB5463779}.Release|Any CPU.ActiveCfg = Release|Any CPU
		{FD24C097-0BCD-4F0F-8777-7D4AB5463779}.Release|Any CPU.Build.0 = Release|Any CPU
	EndGlobalSection
	GlobalSection(SolutionProperties) = preSolution
		HideSolutionNode = FALSE
	EndGlobalSection
	GlobalSection(ExtensibilityGlobals) = postSolution
		SolutionGuid = {4026A11C-83BB-4ACC-A18F-437EC11015AF}
	EndGlobalSection
EndGlobal
